PODS:
  - Alamofire (5.4.3)
  - YKNetworking (0.0.1):
    - Alamofire (~> 5.4.3)

DEPENDENCIES:
  - YKNetworking (from `../`)

SPEC REPOS:
  trunk:
    - Alamofire

EXTERNAL SOURCES:
  YKNetworking:
    :path: "../"

SPEC CHECKSUMS:
  Alamofire: e447a2774a40c996748296fa2c55112fdbbc42f9
  YKNetworking: 5dc151367ae3ec3fffbfd701267f4f15d010189c

PODFILE CHECKSUM: 73bae9757e0944879d9817c8fbf67325dd72935d

COCOAPODS: 1.11.3
